
Microsoft Visual Studio Solution File, Format Version 12.00
# Visual Studio Version 17
VisualStudioVersion = 17.11.35312.102
MinimumVisualStudioVersion = 10.0.40219.1
Project("{FAE04EC0-301F-11D3-BF4B-00C04F79EFBC}") = "Revit-Ninja", "Revit-Ninja.csproj", "{EDB91509-2306-49F2-A708-1F9F1961FD21}"
EndProject
Global
	GlobalSection(SolutionConfigurationPlatforms) = preSolution
		Debug|Any CPU = Debug|Any CPU
		Release|Any CPU = Release|Any CPU
	EndGlobalSection
	GlobalSection(ProjectConfigurationPlatforms) = postSolution
		{EDB91509-2306-49F2-A708-1F9F1961FD21}.Debug|Any CPU.ActiveCfg = Debug|x64
		{EDB91509-2306-49F2-A708-1F9F1961FD21}.Debug|Any CPU.Build.0 = Debug|x64
		{EDB91509-2306-49F2-A708-1F9F1961FD21}.Release|Any CPU.ActiveCfg = Release|Any CPU
		{EDB91509-2306-49F2-A708-1F9F1961FD21}.Release|Any CPU.Build.0 = Release|Any CPU
	EndGlobalSection
	GlobalSection(SolutionProperties) = preSolution
		HideSolutionNode = FALSE
	EndGlobalSection
	GlobalSection(ExtensibilityGlobals) = postSolution
		SolutionGuid = {ACF278B0-A0C9-4A70-8930-3F04AD89D7DB}
	EndGlobalSection
EndGlobal
